
Microsoft Visual Studio Solution File, Format Version 12.00
# Visual Studio Version 16
VisualStudioVersion = 16.0.29905.134
MinimumVisualStudioVersion = 10.0.40219.1
Project("{FAE04EC0-301F-11D3-BF4B-00C04F79EFBC}") = "Module4_TP1.UWP", "Module4_TP1\Module4_TP1.UWP\Module4_TP1.UWP.csproj", "{13D04292-E518-448C-A73B-B1DB06486EF6}"
EndProject
Project("{FAE04EC0-301F-11D3-BF4B-00C04F79EFBC}") = "Module4_TP1.Android", "Module4_TP1\Module4_TP1.Android\Module4_TP1.Android.csproj", "{4DB118F6-F2A5-41B9-A7E0-4842EBAD73EB}"
EndProject
Project("{FAE04EC0-301F-11D3-BF4B-00C04F79EFBC}") = "Module4_TP1.iOS", "Module4_TP1\Module4_TP1.iOS\Module4_TP1.iOS.csproj", "{DD964E17-0329-42AB-A3C9-F03A1FD0CC97}"
EndProject
Project("{FAE04EC0-301F-11D3-BF4B-00C04F79EFBC}") = "Module4_TP1", "Module4_TP1\Module4_TP1\Module4_TP1.csproj", "{81147585-8589-4A69-9C26-2BD3F5B21A13}"
EndProject
Global
	GlobalSection(SolutionConfigurationPlatforms) = preSolution
		Debug|Any CPU = Debug|Any CPU
		Debug|ARM = Debug|ARM
		Debug|iPhone = Debug|iPhone
		Debug|iPhoneSimulator = Debug|iPhoneSimulator
		Debug|x64 = Debug|x64
		Debug|x86 = Debug|x86
		Release|Any CPU = Release|Any CPU
		Release|ARM = Release|ARM
		Release|iPhone = Release|iPhone
		Release|iPhoneSimulator = Release|iPhoneSimulator
		Release|x64 = Release|x64
		Release|x86 = Release|x86
	EndGlobalSection
	GlobalSection(ProjectConfigurationPlatforms) = postSolution
		{13D04292-E518-448C-A73B-B1DB06486EF6}.Debug|Any CPU.ActiveCfg = Debug|x86
		{13D04292-E518-448C-A73B-B1DB06486EF6}.Debug|Any CPU.Build.0 = Debug|x86
		{13D04292-E518-448C-A73B-B1DB06486EF6}.Debug|Any CPU.Deploy.0 = Debug|x86
		{13D04292-E518-448C-A73B-B1DB06486EF6}.Debug|ARM.ActiveCfg = Debug|ARM
		{13D04292-E518-448C-A73B-B1DB06486EF6}.Debug|ARM.Build.0 = Debug|ARM
		{13D04292-E518-448C-A73B-B1DB06486EF6}.Debug|ARM.Deploy.0 = Debug|ARM
		{13D04292-E518-448C-A73B-B1DB06486EF6}.Debug|iPhone.ActiveCfg = Debug|x86
		{13D04292-E518-448C-A73B-B1DB06486EF6}.Debug|iPhone.Build.0 = Debug|x86
		{13D04292-E518-448C-A73B-B1DB06486EF6}.Debug|iPhone.Deploy.0 = Debug|x86
		{13D04292-E518-448C-A73B-B1DB06486EF6}.Debug|iPhoneSimulator.ActiveCfg = Debug|x86
		{13D04292-E518-448C-A73B-B1DB06486EF6}.Debug|iPhoneSimulator.Build.0 = Debug|x86
		{13D04292-E518-448C-A73B-B1DB06486EF6}.Debug|iPhoneSimulator.Deploy.0 = Debug|x86
		{13D04292-E518-448C-A73B-B1DB06486EF6}.Debug|x64.ActiveCfg = Debug|x64
		{13D04292-E518-448C-A73B-B1DB06486EF6}.Debug|x64.Build.0 = Debug|x64
		{13D04292-E518-448C-A73B-B1DB06486EF6}.Debug|x64.Deploy.0 = Debug|x64
		{13D04292-E518-448C-A73B-B1DB06486EF6}.Debug|x86.ActiveCfg = Debug|x86
		{13D04292-E518-448C-A73B-B1DB06486EF6}.Debug|x86.Build.0 = Debug|x86
		{13D04292-E518-448C-A73B-B1DB06486EF6}.Debug|x86.Deploy.0 = Debug|x86
		{13D04292-E518-448C-A73B-B1DB06486EF6}.Release|Any CPU.ActiveCfg = Release|x86
		{13D04292-E518-448C-A73B-B1DB06486EF6}.Release|Any CPU.Build.0 = Release|x86
		{13D04292-E518-448C-A73B-B1DB06486EF6}.Release|Any CPU.Deploy.0 = Release|x86
		{13D04292-E518-448C-A73B-B1DB06486EF6}.Release|ARM.ActiveCfg = Release|ARM
		{13D04292-E518-448C-A73B-B1DB06486EF6}.Release|ARM.Build.0 = Release|ARM
		{13D04292-E518-448C-A73B-B1DB06486EF6}.Release|ARM.Deploy.0 = Release|ARM
		{13D04292-E518-448C-A73B-B1DB06486EF6}.Release|iPhone.ActiveCfg = Release|x86
		{13D04292-E518-448C-A73B-B1DB06486EF6}.Release|iPhone.Build.0 = Release|x86
		{13D04292-E518-448C-A73B-B1DB06486EF6}.Release|iPhone.Deploy.0 = Release|x86
		{13D04292-E518-448C-A73B-B1DB06486EF6}.Release|iPhoneSimulator.ActiveCfg = Release|x86
		{13D04292-E518-448C-A73B-B1DB06486EF6}.Release|iPhoneSimulator.Build.0 = Release|x86
		{13D04292-E518-448C-A73B-B1DB06486EF6}.Release|iPhoneSimulator.Deploy.0 = Release|x86
		{13D04292-E518-448C-A73B-B1DB06486EF6}.Release|x64.ActiveCfg = Release|x64
		{13D04292-E518-448C-A73B-B1DB06486EF6}.Release|x64.Build.0 = Release|x64
		{13D04292-E518-448C-A73B-B1DB06486EF6}.Release|x64.Deploy.0 = Release|x64
		{13D04292-E518-448C-A73B-B1DB06486EF6}.Release|x86.ActiveCfg = Release|x86
		{13D04292-E518-448C-A73B-B1DB06486EF6}.Release|x86.Build.0 = Release|x86
		{13D04292-E518-448C-A73B-B1DB06486EF6}.Release|x86.Deploy.0 = Release|x86
		{4DB118F6-F2A5-41B9-A7E0-4842EBAD73EB}.Debug|Any CPU.ActiveCfg = Debug|Any CPU
		{4DB118F6-F2A5-41B9-A7E0-4842EBAD73EB}.Debug|Any CPU.Build.0 = Debug|Any CPU
		{4DB118F6-F2A5-41B9-A7E0-4842EBAD73EB}.Debug|Any CPU.Deploy.0 = Debug|Any CPU
		{4DB118F6-F2A5-41B9-A7E0-4842EBAD73EB}.Debug|ARM.ActiveCfg = Debug|Any CPU
		{4DB118F6-F2A5-41B9-A7E0-4842EBAD73EB}.Debug|ARM.Build.0 = Debug|Any CPU
		{4DB118F6-F2A5-41B9-A7E0-4842EBAD73EB}.Debug|ARM.Deploy.0 = Debug|Any CPU
		{4DB118F6-F2A5-41B9-A7E0-4842EBAD73EB}.Debug|iPhone.ActiveCfg = Debug|Any CPU
		{4DB118F6-F2A5-41B9-A7E0-4842EBAD73EB}.Debug|iPhone.Build.0 = Debug|Any CPU
		{4DB118F6-F2A5-41B9-A7E0-4842EBAD73EB}.Debug|iPhone.Deploy.0 = Debug|Any CPU
		{4DB118F6-F2A5-41B9-A7E0-4842EBAD73EB}.Debug|iPhoneSimulator.ActiveCfg = Debug|Any CPU
		{4DB118F6-F2A5-41B9-A7E0-4842EBAD73EB}.Debug|iPhoneSimulator.Build.0 = Debug|Any CPU
		{4DB118F6-F2A5-41B9-A7E0-4842EBAD73EB}.Debug|iPhoneSimulator.Deploy.0 = Debug|Any CPU
		{4DB118F6-F2A5-41B9-A7E0-4842EBAD73EB}.Debug|x64.ActiveCfg = Debug|Any CPU
		{4DB118F6-F2A5-41B9-A7E0-4842EBAD73EB}.Debug|x64.Build.0 = Debug|Any CPU
		{4DB118F6-F2A5-41B9-A7E0-4842EBAD73EB}.Debug|x64.Deploy.0 = Debug|Any CPU
		{4DB118F6-F2A5-41B9-A7E0-4842EBAD73EB}.Debug|x86.ActiveCfg = Debug|Any CPU
		{4DB118F6-F2A5-41B9-A7E0-4842EBAD73EB}.Debug|x86.Build.0 = Debug|Any CPU
		{4DB118F6-F2A5-41B9-A7E0-4842EBAD73EB}.Debug|x86.Deploy.0 = Debug|Any CPU
		{4DB118F6-F2A5-41B9-A7E0-4842EBAD73EB}.Release|Any CPU.ActiveCfg = Release|Any CPU
		{4DB118F6-F2A5-41B9-A7E0-4842EBAD73EB}.Release|Any CPU.Build.0 = Release|Any CPU
		{4DB118F6-F2A5-41B9-A7E0-4842EBAD73EB}.Release|Any CPU.Deploy.0 = Release|Any CPU
		{4DB118F6-F2A5-41B9-A7E0-4842EBAD73EB}.Release|ARM.ActiveCfg = Release|Any CPU
		{4DB118F6-F2A5-41B9-A7E0-4842EBAD73EB}.Release|ARM.Build.0 = Release|Any CPU
		{4DB118F6-F2A5-41B9-A7E0-4842EBAD73EB}.Release|ARM.Deploy.0 = Release|Any CPU
		{4DB118F6-F2A5-41B9-A7E0-4842EBAD73EB}.Release|iPhone.ActiveCfg = Release|Any CPU
		{4DB118F6-F2A5-41B9-A7E0-4842EBAD73EB}.Release|iPhone.Build.0 = Release|Any CPU
		{4DB118F6-F2A5-41B9-A7E0-4842EBAD73EB}.Release|iPhone.Deploy.0 = Release|Any CPU
		{4DB118F6-F2A5-41B9-A7E0-4842EBAD73EB}.Release|iPhoneSimulator.ActiveCfg = Release|Any CPU
		{4DB118F6-F2A5-41B9-A7E0-4842EBAD73EB}.Release|iPhoneSimulator.Build.0 = Release|Any CPU
		{4DB118F6-F2A5-41B9-A7E0-4842EBAD73EB}.Release|iPhoneSimulator.Deploy.0 = Release|Any CPU
		{4DB118F6-F2A5-41B9-A7E0-4842EBAD73EB}.Release|x64.ActiveCfg = Release|Any CPU
		{4DB118F6-F2A5-41B9-A7E0-4842EBAD73EB}.Release|x64.Build.0 = Release|Any CPU
		{4DB118F6-F2A5-41B9-A7E0-4842EBAD73EB}.Release|x64.Deploy.0 = Release|Any CPU
		{4DB118F6-F2A5-41B9-A7E0-4842EBAD73EB}.Release|x86.ActiveCfg = Release|Any CPU
		{4DB118F6-F2A5-41B9-A7E0-4842EBAD73EB}.Release|x86.Build.0 = Release|Any CPU
		{4DB118F6-F2A5-41B9-A7E0-4842EBAD73EB}.Release|x86.Deploy.0 = Release|Any CPU
		{DD964E17-0329-42AB-A3C9-F03A1FD0CC97}.Debug|Any CPU.ActiveCfg = Debug|iPhone
		{DD964E17-0329-42AB-A3C9-F03A1FD0CC97}.Debug|Any CPU.Build.0 = Debug|iPhone
		{DD964E17-0329-42AB-A3C9-F03A1FD0CC97}.Debug|Any CPU.Deploy.0 = Debug|iPhone
		{DD964E17-0329-42AB-A3C9-F03A1FD0CC97}.Debug|ARM.ActiveCfg = Debug|iPhoneSimulator
		{DD964E17-0329-42AB-A3C9-F03A1FD0CC97}.Debug|ARM.Build.0 = Debug|iPhoneSimulator
		{DD964E17-0329-42AB-A3C9-F03A1FD0CC97}.Debug|ARM.Deploy.0 = Debug|iPhoneSimulator
		{DD964E17-0329-42AB-A3C9-F03A1FD0CC97}.Debug|iPhone.ActiveCfg = Debug|iPhone
		{DD964E17-0329-42AB-A3C9-F03A1FD0CC97}.Debug|iPhone.Build.0 = Debug|iPhone
		{DD964E17-0329-42AB-A3C9-F03A1FD0CC97}.Debug|iPhone.Deploy.0 = Debug|iPhone
		{DD964E17-0329-42AB-A3C9-F03A1FD0CC97}.Debug|iPhoneSimulator.ActiveCfg = Debug|iPhoneSimulator
		{DD964E17-0329-42AB-A3C9-F03A1FD0CC97}.Debug|iPhoneSimulator.Build.0 = Debug|iPhoneSimulator
		{DD964E17-0329-42AB-A3C9-F03A1FD0CC97}.Debug|iPhoneSimulator.Deploy.0 = Debug|iPhoneSimulator
		{DD964E17-0329-42AB-A3C9-F03A1FD0CC97}.Debug|x64.ActiveCfg = Debug|iPhone
		{DD964E17-0329-42AB-A3C9-F03A1FD0CC97}.Debug|x64.Build.0 = Debug|iPhone
		{DD964E17-0329-42AB-A3C9-F03A1FD0CC97}.Debug|x64.Deploy.0 = Debug|iPhone
		{DD964E17-0329-42AB-A3C9-F03A1FD0CC97}.Debug|x86.ActiveCfg = Debug|iPhone
		{DD964E17-0329-42AB-A3C9-F03A1FD0CC97}.Debug|x86.Build.0 = Debug|iPhone
		{DD964E17-0329-42AB-A3C9-F03A1FD0CC97}.Debug|x86.Deploy.0 = Debug|iPhone
		{DD964E17-0329-42AB-A3C9-F03A1FD0CC97}.Release|Any CPU.ActiveCfg = Release|iPhone
		{DD964E17-0329-42AB-A3C9-F03A1FD0CC97}.Release|Any CPU.Build.0 = Release|iPhone
		{DD964E17-0329-42AB-A3C9-F03A1FD0CC97}.Release|Any CPU.Deploy.0 = Release|iPhone
		{DD964E17-0329-42AB-A3C9-F03A1FD0CC97}.Release|ARM.ActiveCfg = Release|iPhone
		{DD964E17-0329-42AB-A3C9-F03A1FD0CC97}.Release|ARM.Build.0 = Release|iPhone
		{DD964E17-0329-42AB-A3C9-F03A1FD0CC97}.Release|ARM.Deploy.0 = Release|iPhone
		{DD964E17-0329-42AB-A3C9-F03A1FD0CC97}.Release|iPhone.ActiveCfg = Release|iPhone
		{DD964E17-0329-42AB-A3C9-F03A1FD0CC97}.Release|iPhone.Build.0 = Release|iPhone
		{DD964E17-0329-42AB-A3C9-F03A1FD0CC97}.Release|iPhone.Deploy.0 = Release|iPhone
		{DD964E17-0329-42AB-A3C9-F03A1FD0CC97}.Release|iPhoneSimulator.ActiveCfg = Release|iPhoneSimulator
		{DD964E17-0329-42AB-A3C9-F03A1FD0CC97}.Release|iPhoneSimulator.Build.0 = Release|iPhoneSimulator
		{DD964E17-0329-42AB-A3C9-F03A1FD0CC97}.Release|iPhoneSimulator.Deploy.0 = Release|iPhoneSimulator
		{DD964E17-0329-42AB-A3C9-F03A1FD0CC97}.Release|x64.ActiveCfg = Release|iPhone
		{DD964E17-0329-42AB-A3C9-F03A1FD0CC97}.Release|x64.Build.0 = Release|iPhone
		{DD964E17-0329-42AB-A3C9-F03A1FD0CC97}.Release|x64.Deploy.0 = Release|iPhone
		{DD964E17-0329-42AB-A3C9-F03A1FD0CC97}.Release|x86.ActiveCfg = Release|iPhone
		{DD964E17-0329-42AB-A3C9-F03A1FD0CC97}.Release|x86.Build.0 = Release|iPhone
		{DD964E17-0329-42AB-A3C9-F03A1FD0CC97}.Release|x86.Deploy.0 = Release|iPhone
		{81147585-8589-4A69-9C26-2BD3F5B21A13}.Debug|Any CPU.ActiveCfg = Debug|Any CPU
		{81147585-8589-4A69-9C26-2BD3F5B21A13}.Debug|Any CPU.Build.0 = Debug|Any CPU
		{81147585-8589-4A69-9C26-2BD3F5B21A13}.Debug|Any CPU.Deploy.0 = Debug|Any CPU
		{81147585-8589-4A69-9C26-2BD3F5B21A13}.Debug|ARM.ActiveCfg = Debug|Any CPU
		{81147585-8589-4A69-9C26-2BD3F5B21A13}.Debug|ARM.Build.0 = Debug|Any CPU
		{81147585-8589-4A69-9C26-2BD3F5B21A13}.Debug|ARM.Deploy.0 = Debug|Any CPU
		{81147585-8589-4A69-9C26-2BD3F5B21A13}.Debug|iPhone.ActiveCfg = Debug|Any CPU
		{81147585-8589-4A69-9C26-2BD3F5B21A13}.Debug|iPhone.Build.0 = Debug|Any CPU
		{81147585-8589-4A69-9C26-2BD3F5B21A13}.Debug|iPhone.Deploy.0 = Debug|Any CPU
		{81147585-8589-4A69-9C26-2BD3F5B21A13}.Debug|iPhoneSimulator.ActiveCfg = Debug|Any CPU
		{81147585-8589-4A69-9C26-2BD3F5B21A13}.Debug|iPhoneSimulator.Build.0 = Debug|Any CPU
		{81147585-8589-4A69-9C26-2BD3F5B21A13}.Debug|iPhoneSimulator.Deploy.0 = Debug|Any CPU
		{81147585-8589-4A69-9C26-2BD3F5B21A13}.Debug|x64.ActiveCfg = Debug|Any CPU
		{81147585-8589-4A69-9C26-2BD3F5B21A13}.Debug|x64.Build.0 = Debug|Any CPU
		{81147585-8589-4A69-9C26-2BD3F5B21A13}.Debug|x64.Deploy.0 = Debug|Any CPU
		{81147585-8589-4A69-9C26-2BD3F5B21A13}.Debug|x86.ActiveCfg = Debug|Any CPU
		{81147585-8589-4A69-9C26-2BD3F5B21A13}.Debug|x86.Build.0 = Debug|Any CPU
		{81147585-8589-4A69-9C26-2BD3F5B21A13}.Debug|x86.Deploy.0 = Debug|Any CPU
		{81147585-8589-4A69-9C26-2BD3F5B21A13}.Release|Any CPU.ActiveCfg = Release|Any CPU
		{81147585-8589-4A69-9C26-2BD3F5B21A13}.Release|Any CPU.Build.0 = Release|Any CPU
		{81147585-8589-4A69-9C26-2BD3F5B21A13}.Release|Any CPU.Deploy.0 = Release|Any CPU
		{81147585-8589-4A69-9C26-2BD3F5B21A13}.Release|ARM.ActiveCfg = Release|Any CPU
		{81147585-8589-4A69-9C26-2BD3F5B21A13}.Release|ARM.Build.0 = Release|Any CPU
		{81147585-8589-4A69-9C26-2BD3F5B21A13}.Release|ARM.Deploy.0 = Release|Any CPU
		{81147585-8589-4A69-9C26-2BD3F5B21A13}.Release|iPhone.ActiveCfg = Release|Any CPU
		{81147585-8589-4A69-9C26-2BD3F5B21A13}.Release|iPhone.Build.0 = Release|Any CPU
		{81147585-8589-4A69-9C26-2BD3F5B21A13}.Release|iPhone.Deploy.0 = Release|Any CPU
		{81147585-8589-4A69-9C26-2BD3F5B21A13}.Release|iPhoneSimulator.ActiveCfg = Release|Any CPU
		{81147585-8589-4A69-9C26-2BD3F5B21A13}.Release|iPhoneSimulator.Build.0 = Release|Any CPU
		{81147585-8589-4A69-9C26-2BD3F5B21A13}.Release|iPhoneSimulator.Deploy.0 = Release|Any CPU
		{81147585-8589-4A69-9C26-2BD3F5B21A13}.Release|x64.ActiveCfg = Release|Any CPU
		{81147585-8589-4A69-9C26-2BD3F5B21A13}.Release|x64.Build.0 = Release|Any CPU
		{81147585-8589-4A69-9C26-2BD3F5B21A13}.Release|x64.Deploy.0 = Release|Any CPU
		{81147585-8589-4A69-9C26-2BD3F5B21A13}.Release|x86.ActiveCfg = Release|Any CPU
		{81147585-8589-4A69-9C26-2BD3F5B21A13}.Release|x86.Build.0 = Release|Any CPU
		{81147585-8589-4A69-9C26-2BD3F5B21A13}.Release|x86.Deploy.0 = Release|Any CPU
	EndGlobalSection
	GlobalSection(SolutionProperties) = preSolution
		HideSolutionNode = FALSE
	EndGlobalSection
	GlobalSection(ExtensibilityGlobals) = postSolution
		SolutionGuid = {611CC25A-2452-4E6F-8E31-426D2BA198C4}
	EndGlobalSection
EndGlobal
